
Microsoft Visual Studio Solution File, Format Version 12.00
# Visual Studio Version 17
VisualStudioVersion = 17.2.32616.157
MinimumVisualStudioVersion = 10.0.40219.1
Project("{9A19103F-16F7-4668-BE54-9A1E7A4F7556}") = "HandlePropertyChanged", "HandlePropertyChanged\HandlePropertyChanged.csproj", "{657621AC-626F-4F8B-AFE7-36018E7F9547}"
EndProject
Project("{9A19103F-16F7-4668-BE54-9A1E7A4F7556}") = "HandlePropertyChangedTest", "HandlePropertyChangedTest\HandlePropertyChangedTest.csproj", "{F336DCF2-0EA3-49F2-89B1-DC1A467274B1}"
EndProject
Global
	GlobalSection(SolutionConfigurationPlatforms) = preSolution
		Debug|Any CPU = Debug|Any CPU
		Release|Any CPU = Release|Any CPU
	EndGlobalSection
	GlobalSection(ProjectConfigurationPlatforms) = postSolution
		{657621AC-626F-4F8B-AFE7-36018E7F9547}.Debug|Any CPU.ActiveCfg = Debug|Any CPU
		{657621AC-626F-4F8B-AFE7-36018E7F9547}.Debug|Any CPU.Build.0 = Debug|Any CPU
		{657621AC-626F-4F8B-AFE7-36018E7F9547}.Release|Any CPU.ActiveCfg = Release|Any CPU
		{657621AC-626F-4F8B-AFE7-36018E7F9547}.Release|Any CPU.Build.0 = Release|Any CPU
		{F336DCF2-0EA3-49F2-89B1-DC1A467274B1}.Debug|Any CPU.ActiveCfg = Debug|Any CPU
		{F336DCF2-0EA3-49F2-89B1-DC1A467274B1}.Debug|Any CPU.Build.0 = Debug|Any CPU
		{F336DCF2-0EA3-49F2-89B1-DC1A467274B1}.Release|Any CPU.ActiveCfg = Release|Any CPU
		{F336DCF2-0EA3-49F2-89B1-DC1A467274B1}.Release|Any CPU.Build.0 = Release|Any CPU
	EndGlobalSection
	GlobalSection(SolutionProperties) = preSolution
		HideSolutionNode = FALSE
	EndGlobalSection
	GlobalSection(ExtensibilityGlobals) = postSolution
		SolutionGuid = {FC20E4E2-253E-4000-B9C5-7051F72B83A6}
	EndGlobalSection
EndGlobal
